
Microsoft Visual Studio Solution File, Format Version 12.00
# Visual Studio Version 17
VisualStudioVersion = 17.10.34916.146
MinimumVisualStudioVersion = 10.0.40219.1
Project("{2150E333-8FDC-42A3-9474-1A3956D46DE8}") = "0_DTOs", "0_DTOs", "{6E2686D0-AB5C-4AAE-8EAF-72FCCC1B2769}"
EndProject
Project("{2150E333-8FDC-42A3-9474-1A3956D46DE8}") = "1_DataAccess", "1_DataAccess", "{15E0FEAE-A34A-497F-A232-2C61F53D66B6}"
EndProject
Project("{2150E333-8FDC-42A3-9474-1A3956D46DE8}") = "3_WebAPI", "3_WebAPI", "{A7AA26B9-912A-4615-893D-70DAF716C1C4}"
EndProject
Project("{2150E333-8FDC-42A3-9474-1A3956D46DE8}") = "99_Testing", "99_Testing", "{F061BB9E-5129-48CD-A194-D4C19C5AB4C1}"
EndProject
Project("{FAE04EC0-301F-11D3-BF4B-00C04F79EFBC}") = "DTOs", "DTOs\DTOs.csproj", "{71C137B7-3820-452A-AC7D-852EE03CDB96}"
EndProject
Global
	GlobalSection(SolutionConfigurationPlatforms) = preSolution
		Debug|Any CPU = Debug|Any CPU
		Release|Any CPU = Release|Any CPU
	EndGlobalSection
	GlobalSection(ProjectConfigurationPlatforms) = postSolution
		{71C137B7-3820-452A-AC7D-852EE03CDB96}.Debug|Any CPU.ActiveCfg = Debug|Any CPU
		{71C137B7-3820-452A-AC7D-852EE03CDB96}.Debug|Any CPU.Build.0 = Debug|Any CPU
		{71C137B7-3820-452A-AC7D-852EE03CDB96}.Release|Any CPU.ActiveCfg = Release|Any CPU
		{71C137B7-3820-452A-AC7D-852EE03CDB96}.Release|Any CPU.Build.0 = Release|Any CPU
	EndGlobalSection
	GlobalSection(SolutionProperties) = preSolution
		HideSolutionNode = FALSE
	EndGlobalSection
	GlobalSection(NestedProjects) = preSolution
		{71C137B7-3820-452A-AC7D-852EE03CDB96} = {6E2686D0-AB5C-4AAE-8EAF-72FCCC1B2769}
	EndGlobalSection
	GlobalSection(ExtensibilityGlobals) = postSolution
		SolutionGuid = {ABE0AC97-0364-4BF6-B43D-74E04D819595}
	EndGlobalSection
EndGlobal
